<Solution>
  <Configurations>
    <Platform Name="Any CPU" />
    <Platform Name="x64" />
    <Platform Name="x86" />
  </Configurations>
  <Project Path="Game/ECS.csproj" />
  <Folder Name="/tests/">
    <Project Path="tests/Performance/Performance.csproj" />
    <Project Path="tests/UnitTestsECS/UnitTestsECS.csproj" />
  </Folder>
</Solution>
